Microsoft Visual Studio Solution File, Format Version 11.00
# Visual Studio 2010
Project("{FAE04EC0-301F-11D3-BF4B-00C04F79EFBC}") = "2362 - RowIndicatorTemplate", "2362 - RowIndicatorTemplate\2362 - RowIndicatorTemplate.csproj", "{51698103-22C4-4C78-984C-F1FEF44C0D3D}"
EndProject
Global
	GlobalSection(SolutionConfigurationPlatforms) = preSolution
		Debug|Any CPU = Debug|Any CPU
		Release|Any CPU = Release|Any CPU
	EndGlobalSection
	GlobalSection(ProjectConfigurationPlatforms) = postSolution
		{51698103-22C4-4C78-984C-F1FEF44C0D3D}.Debug|Any CPU.ActiveCfg = Debug|Any CPU
		{51698103-22C4-4C78-984C-F1FEF44C0D3D}.Debug|Any CPU.Build.0 = Debug|Any CPU
		{51698103-22C4-4C78-984C-F1FEF44C0D3D}.Release|Any CPU.ActiveCfg = Release|Any CPU
		{51698103-22C4-4C78-984C-F1FEF44C0D3D}.Release|Any CPU.Build.0 = Release|Any CPU
	EndGlobalSection
	GlobalSection(SolutionProperties) = preSolution
		HideSolutionNode = FALSE
	EndGlobalSection
EndGlobal
